
Microsoft Visual Studio Solution File, Format Version 12.00
# Visual Studio Version 17
VisualStudioVersion = 17.9.34728.123
MinimumVisualStudioVersion = 10.0.40219.1
Project("{2150E333-8FDC-42A3-9474-1A3956D46DE8}") = "src", "src", "{D67EBE27-26D0-4A5C-B320-766899C15E87}"
EndProject
Project("{2150E333-8FDC-42A3-9474-1A3956D46DE8}") = "Adapters", "Adapters", "{E841381C-36C6-45C6-AB37-3C128A91BB23}"
EndProject
Project("{2150E333-8FDC-42A3-9474-1A3956D46DE8}") = "Driven", "Driven", "{5D293ADD-F98F-471F-AEF6-7F7C131A99C2}"
EndProject
Project("{2150E333-8FDC-42A3-9474-1A3956D46DE8}") = "Driving", "Driving", "{C21D693E-1111-41C6-AD40-D609BB1CFC00}"
EndProject
Project("{2150E333-8FDC-42A3-9474-1A3956D46DE8}") = "Core", "Core", "{72A52E0E-DFA7-45AF-9540-A98F3780A783}"
EndProject
Project("{9A19103F-16F7-4668-BE54-9A1E7A4F7556}") = "API", "API\API.csproj", "{0D9A7C11-EB00-413A-82CD-AAEB4303B8A0}"
EndProject
Project("{9A19103F-16F7-4668-BE54-9A1E7A4F7556}") = "Domain", "Domain\Domain.csproj", "{1C082B87-051A-4787-BEB0-6FD94002072E}"
EndProject
Project("{9A19103F-16F7-4668-BE54-9A1E7A4F7556}") = "Application", "Application\Application.csproj", "{8E4BD59F-5AEA-48F1-865A-BACCAD12D1B2}"
EndProject
Project("{9A19103F-16F7-4668-BE54-9A1E7A4F7556}") = "Infrastructure", "Infrastructure\Infrastructure.csproj", "{EA6D6F80-D6EF-45BA-9D94-56BC2E51C4D9}"
EndProject
Global
	GlobalSection(SolutionConfigurationPlatforms) = preSolution
		Debug|Any CPU = Debug|Any CPU
		Release|Any CPU = Release|Any CPU
	EndGlobalSection
	GlobalSection(ProjectConfigurationPlatforms) = postSolution
		{0D9A7C11-EB00-413A-82CD-AAEB4303B8A0}.Debug|Any CPU.ActiveCfg = Debug|Any CPU
		{0D9A7C11-EB00-413A-82CD-AAEB4303B8A0}.Debug|Any CPU.Build.0 = Debug|Any CPU
		{0D9A7C11-EB00-413A-82CD-AAEB4303B8A0}.Release|Any CPU.ActiveCfg = Release|Any CPU
		{0D9A7C11-EB00-413A-82CD-AAEB4303B8A0}.Release|Any CPU.Build.0 = Release|Any CPU
		{1C082B87-051A-4787-BEB0-6FD94002072E}.Debug|Any CPU.ActiveCfg = Debug|Any CPU
		{1C082B87-051A-4787-BEB0-6FD94002072E}.Debug|Any CPU.Build.0 = Debug|Any CPU
		{1C082B87-051A-4787-BEB0-6FD94002072E}.Release|Any CPU.ActiveCfg = Release|Any CPU
		{1C082B87-051A-4787-BEB0-6FD94002072E}.Release|Any CPU.Build.0 = Release|Any CPU
		{8E4BD59F-5AEA-48F1-865A-BACCAD12D1B2}.Debug|Any CPU.ActiveCfg = Debug|Any CPU
		{8E4BD59F-5AEA-48F1-865A-BACCAD12D1B2}.Debug|Any CPU.Build.0 = Debug|Any CPU
		{8E4BD59F-5AEA-48F1-865A-BACCAD12D1B2}.Release|Any CPU.ActiveCfg = Release|Any CPU
		{8E4BD59F-5AEA-48F1-865A-BACCAD12D1B2}.Release|Any CPU.Build.0 = Release|Any CPU
		{EA6D6F80-D6EF-45BA-9D94-56BC2E51C4D9}.Debug|Any CPU.ActiveCfg = Debug|Any CPU
		{EA6D6F80-D6EF-45BA-9D94-56BC2E51C4D9}.Debug|Any CPU.Build.0 = Debug|Any CPU
		{EA6D6F80-D6EF-45BA-9D94-56BC2E51C4D9}.Release|Any CPU.ActiveCfg = Release|Any CPU
		{EA6D6F80-D6EF-45BA-9D94-56BC2E51C4D9}.Release|Any CPU.Build.0 = Release|Any CPU
	EndGlobalSection
	GlobalSection(SolutionProperties) = preSolution
		HideSolutionNode = FALSE
	EndGlobalSection
	GlobalSection(NestedProjects) = preSolution
		{E841381C-36C6-45C6-AB37-3C128A91BB23} = {D67EBE27-26D0-4A5C-B320-766899C15E87}
		{5D293ADD-F98F-471F-AEF6-7F7C131A99C2} = {E841381C-36C6-45C6-AB37-3C128A91BB23}
		{C21D693E-1111-41C6-AD40-D609BB1CFC00} = {E841381C-36C6-45C6-AB37-3C128A91BB23}
		{72A52E0E-DFA7-45AF-9540-A98F3780A783} = {D67EBE27-26D0-4A5C-B320-766899C15E87}
		{0D9A7C11-EB00-413A-82CD-AAEB4303B8A0} = {C21D693E-1111-41C6-AD40-D609BB1CFC00}
		{1C082B87-051A-4787-BEB0-6FD94002072E} = {72A52E0E-DFA7-45AF-9540-A98F3780A783}
		{8E4BD59F-5AEA-48F1-865A-BACCAD12D1B2} = {72A52E0E-DFA7-45AF-9540-A98F3780A783}
		{EA6D6F80-D6EF-45BA-9D94-56BC2E51C4D9} = {5D293ADD-F98F-471F-AEF6-7F7C131A99C2}
	EndGlobalSection
	GlobalSection(ExtensibilityGlobals) = postSolution
		SolutionGuid = {82158992-AAF4-4B6C-A525-110D3B5BE643}
	EndGlobalSection
EndGlobal
